
Microsoft Visual Studio Solution File, Format Version 12.00
# Visual Studio Version 16
VisualStudioVersion = 16.0.29911.98
MinimumVisualStudioVersion = 10.0.40219.1
Project("{9A19103F-16F7-4668-BE54-9A1E7A4F7556}") = "CurrentDevice", "CurrentDevice\CurrentDevice.csproj", "{F7843BB2-0014-4374-8FDD-10FD3B60A356}"
EndProject
Project("{FAE04EC0-301F-11D3-BF4B-00C04F79EFBC}") = "BlazorCurrentDevice-Wasm", "BlazorCurrentDevice-Wasm\BlazorCurrentDevice-Wasm.csproj", "{AB73600D-233D-4E63-AAC3-ABA36007F06E}"
EndProject
Project("{FAE04EC0-301F-11D3-BF4B-00C04F79EFBC}") = "BlazorCurrentDevice-Server", "BlazorCurrentDevice-Server\BlazorCurrentDevice-Server.csproj", "{85783C62-4354-4BF5-BB66-D8B0B1A15591}"
EndProject
Global
	GlobalSection(SolutionConfigurationPlatforms) = preSolution
		Debug|Any CPU = Debug|Any CPU
		Release|Any CPU = Release|Any CPU
	EndGlobalSection
	GlobalSection(ProjectConfigurationPlatforms) = postSolution
		{F7843BB2-0014-4374-8FDD-10FD3B60A356}.Debug|Any CPU.ActiveCfg = Debug|Any CPU
		{F7843BB2-0014-4374-8FDD-10FD3B60A356}.Debug|Any CPU.Build.0 = Debug|Any CPU
		{F7843BB2-0014-4374-8FDD-10FD3B60A356}.Release|Any CPU.ActiveCfg = Release|Any CPU
		{F7843BB2-0014-4374-8FDD-10FD3B60A356}.Release|Any CPU.Build.0 = Release|Any CPU
		{AB73600D-233D-4E63-AAC3-ABA36007F06E}.Debug|Any CPU.ActiveCfg = Debug|Any CPU
		{AB73600D-233D-4E63-AAC3-ABA36007F06E}.Debug|Any CPU.Build.0 = Debug|Any CPU
		{AB73600D-233D-4E63-AAC3-ABA36007F06E}.Release|Any CPU.ActiveCfg = Release|Any CPU
		{AB73600D-233D-4E63-AAC3-ABA36007F06E}.Release|Any CPU.Build.0 = Release|Any CPU
		{85783C62-4354-4BF5-BB66-D8B0B1A15591}.Debug|Any CPU.ActiveCfg = Debug|Any CPU
		{85783C62-4354-4BF5-BB66-D8B0B1A15591}.Debug|Any CPU.Build.0 = Debug|Any CPU
		{85783C62-4354-4BF5-BB66-D8B0B1A15591}.Release|Any CPU.ActiveCfg = Release|Any CPU
		{85783C62-4354-4BF5-BB66-D8B0B1A15591}.Release|Any CPU.Build.0 = Release|Any CPU
	EndGlobalSection
	GlobalSection(SolutionProperties) = preSolution
		HideSolutionNode = FALSE
	EndGlobalSection
	GlobalSection(ExtensibilityGlobals) = postSolution
		SolutionGuid = {6109B0A7-A653-4254-8CD9-2CA6A2A7978B}
	EndGlobalSection
EndGlobal
